
Microsoft Visual Studio Solution File, Format Version 12.00
# Visual Studio Version 16
VisualStudioVersion = 16.0.30804.86
MinimumVisualStudioVersion = 10.0.40219.1
Project("{FAE04EC0-301F-11D3-BF4B-00C04F79EFBC}") = "URLShortener", "URLShortener\URLShortener.csproj", "{4EA8B6BF-2C15-4B0E-8B00-282174F966FF}"
EndProject
Global
	GlobalSection(SolutionConfigurationPlatforms) = preSolution
		Debug|Any CPU = Debug|Any CPU
		Release|Any CPU = Release|Any CPU
	EndGlobalSection
	GlobalSection(ProjectConfigurationPlatforms) = postSolution
		{4EA8B6BF-2C15-4B0E-8B00-282174F966FF}.Debug|Any CPU.ActiveCfg = Debug|Any CPU
		{4EA8B6BF-2C15-4B0E-8B00-282174F966FF}.Debug|Any CPU.Build.0 = Debug|Any CPU
		{4EA8B6BF-2C15-4B0E-8B00-282174F966FF}.Release|Any CPU.ActiveCfg = Release|Any CPU
		{4EA8B6BF-2C15-4B0E-8B00-282174F966FF}.Release|Any CPU.Build.0 = Release|Any CPU
	EndGlobalSection
	GlobalSection(SolutionProperties) = preSolution
		HideSolutionNode = FALSE
	EndGlobalSection
	GlobalSection(ExtensibilityGlobals) = postSolution
		SolutionGuid = {61543A17-7DAC-45D1-979D-971D52815E98}
	EndGlobalSection
EndGlobal
